
Microsoft Visual Studio Solution File, Format Version 12.00
# Visual Studio 15
VisualStudioVersion = 15.0.26430.15
MinimumVisualStudioVersion = 10.0.40219.1
Project("{FAE04EC0-301F-11D3-BF4B-00C04F79EFBC}") = "YQPLCMgt.UI", "YQPLCMgt.UI\YQPLCMgt.UI.csproj", "{1A8BDA19-8F35-4A2F-AB77-7FB8A06D267D}"
EndProject
Project("{FAE04EC0-301F-11D3-BF4B-00C04F79EFBC}") = "YQPLCMgt.Helper", "YQPLCMgt.Helper\YQPLCMgt.Helper.csproj", "{36E93306-8A31-4B71-B091-86C4D32DD676}"
EndProject
Project("{FAE04EC0-301F-11D3-BF4B-00C04F79EFBC}") = "YQServer", "YQServer\YQServer.csproj", "{535B0973-338F-4EA0-8CD5-3369C753166E}"
EndProject
Global
	GlobalSection(SolutionConfigurationPlatforms) = preSolution
		Debug|Any CPU = Debug|Any CPU
		Release|Any CPU = Release|Any CPU
	EndGlobalSection
	GlobalSection(ProjectConfigurationPlatforms) = postSolution
		{1A8BDA19-8F35-4A2F-AB77-7FB8A06D267D}.Debug|Any CPU.ActiveCfg = Debug|Any CPU
		{1A8BDA19-8F35-4A2F-AB77-7FB8A06D267D}.Debug|Any CPU.Build.0 = Debug|Any CPU
		{1A8BDA19-8F35-4A2F-AB77-7FB8A06D267D}.Release|Any CPU.ActiveCfg = Release|Any CPU
		{1A8BDA19-8F35-4A2F-AB77-7FB8A06D267D}.Release|Any CPU.Build.0 = Release|Any CPU
		{36E93306-8A31-4B71-B091-86C4D32DD676}.Debug|Any CPU.ActiveCfg = Debug|Any CPU
		{36E93306-8A31-4B71-B091-86C4D32DD676}.Debug|Any CPU.Build.0 = Debug|Any CPU
		{36E93306-8A31-4B71-B091-86C4D32DD676}.Release|Any CPU.ActiveCfg = Release|Any CPU
		{36E93306-8A31-4B71-B091-86C4D32DD676}.Release|Any CPU.Build.0 = Release|Any CPU
		{535B0973-338F-4EA0-8CD5-3369C753166E}.Debug|Any CPU.ActiveCfg = Debug|Any CPU
		{535B0973-338F-4EA0-8CD5-3369C753166E}.Debug|Any CPU.Build.0 = Debug|Any CPU
		{535B0973-338F-4EA0-8CD5-3369C753166E}.Release|Any CPU.ActiveCfg = Release|Any CPU
		{535B0973-338F-4EA0-8CD5-3369C753166E}.Release|Any CPU.Build.0 = Release|Any CPU
	EndGlobalSection
	GlobalSection(SolutionProperties) = preSolution
		HideSolutionNode = FALSE
	EndGlobalSection
	GlobalSection(ExtensibilityGlobals) = postSolution
		SolutionGuid = {F7471F1E-0485-4D17-8B9A-A0168BE76721}
	EndGlobalSection
EndGlobal
